
Microsoft Visual Studio Solution File, Format Version 12.00
# Visual Studio 2012
Project("{FAE04EC0-301F-11D3-BF4B-00C04F79EFBC}") = "SparkSharp", "SparkSharp\SparkSharp.csproj", "{C9899364-DBCD-405E-8246-B7434114E485}"
EndProject
Global
	GlobalSection(SolutionConfigurationPlatforms) = preSolution
		Debug|Any CPU = Debug|Any CPU
		Release|Any CPU = Release|Any CPU
	EndGlobalSection
	GlobalSection(ProjectConfigurationPlatforms) = postSolution
		{C9899364-DBCD-405E-8246-B7434114E485}.Debug|Any CPU.ActiveCfg = Debug|Any CPU
		{C9899364-DBCD-405E-8246-B7434114E485}.Debug|Any CPU.Build.0 = Debug|Any CPU
		{C9899364-DBCD-405E-8246-B7434114E485}.Release|Any CPU.ActiveCfg = Release|Any CPU
		{C9899364-DBCD-405E-8246-B7434114E485}.Release|Any CPU.Build.0 = Release|Any CPU
	EndGlobalSection
	GlobalSection(MonoDevelopProperties) = preSolution
		StartupItem = SparkSharp\SparkSharp.csproj
	EndGlobalSection
EndGlobal
